Microsoft Visual Studio Solution File, Format Version 12.00
# Visual Studio Version 17
VisualStudioVersion = 17.5.2.0
MinimumVisualStudioVersion = 10.0.40219.1
Project("{FAE04EC0-301F-11D3-BF4B-00C04F79EFBC}") = "desafio_target", "desafio_target.csproj", "{2F65A812-17B3-073F-F558-A411564EB282}"
EndProject
Global
	GlobalSection(SolutionConfigurationPlatforms) = preSolution
		Debug|Any CPU = Debug|Any CPU
		Release|Any CPU = Release|Any CPU
	EndGlobalSection
	GlobalSection(ProjectConfigurationPlatforms) = postSolution
		{2F65A812-17B3-073F-F558-A411564EB282}.Debug|Any CPU.ActiveCfg = Debug|Any CPU
		{2F65A812-17B3-073F-F558-A411564EB282}.Debug|Any CPU.Build.0 = Debug|Any CPU
		{2F65A812-17B3-073F-F558-A411564EB282}.Release|Any CPU.ActiveCfg = Release|Any CPU
		{2F65A812-17B3-073F-F558-A411564EB282}.Release|Any CPU.Build.0 = Release|Any CPU
	EndGlobalSection
	GlobalSection(SolutionProperties) = preSolution
		HideSolutionNode = FALSE
	EndGlobalSection
	GlobalSection(ExtensibilityGlobals) = postSolution
		SolutionGuid = {0E19B359-7B1B-4E16-AFC8-FCC09283CD8B}
	EndGlobalSection
EndGlobal
